Microsoft Visual Studio Solution File, Format Version 12.00
# Visual Studio Version 17
VisualStudioVersion = 17.5.2.0
MinimumVisualStudioVersion = 10.0.40219.1
Project("{2150E333-8FDC-42A3-9474-1A3956D46DE8}") = "examples", "examples", "{B36A84DF-456D-A817-6EDD-3EC3E7F6E11F}"
EndProject
Project("{2150E333-8FDC-42A3-9474-1A3956D46DE8}") = "dotnet", "dotnet", "{9E09FF96-367B-7A25-3C2D-BD1EADA612D7}"
EndProject
Project("{2150E333-8FDC-42A3-9474-1A3956D46DE8}") = "avalonia", "avalonia", "{17357762-B69F-3E74-1AE9-0AFF6AA2386E}"
EndProject
Project("{FAE04EC0-301F-11D3-BF4B-00C04F79EFBC}") = "3dapp", "examples\dotnet\avalonia\3dapp\3dapp.csproj", "{064EC7AF-44C6-A5B6-8589-A89E3E3A01D0}"
EndProject
Global
	GlobalSection(SolutionConfigurationPlatforms) = preSolution
		Debug|Any CPU = Debug|Any CPU
		Release|Any CPU = Release|Any CPU
	EndGlobalSection
	GlobalSection(ProjectConfigurationPlatforms) = postSolution
		{064EC7AF-44C6-A5B6-8589-A89E3E3A01D0}.Debug|Any CPU.ActiveCfg = Debug|Any CPU
		{064EC7AF-44C6-A5B6-8589-A89E3E3A01D0}.Debug|Any CPU.Build.0 = Debug|Any CPU
		{064EC7AF-44C6-A5B6-8589-A89E3E3A01D0}.Release|Any CPU.ActiveCfg = Release|Any CPU
		{064EC7AF-44C6-A5B6-8589-A89E3E3A01D0}.Release|Any CPU.Build.0 = Release|Any CPU
	EndGlobalSection
	GlobalSection(SolutionProperties) = preSolution
		HideSolutionNode = FALSE
	EndGlobalSection
	GlobalSection(NestedProjects) = preSolution
		{9E09FF96-367B-7A25-3C2D-BD1EADA612D7} = {B36A84DF-456D-A817-6EDD-3EC3E7F6E11F}
		{17357762-B69F-3E74-1AE9-0AFF6AA2386E} = {9E09FF96-367B-7A25-3C2D-BD1EADA612D7}
		{064EC7AF-44C6-A5B6-8589-A89E3E3A01D0} = {17357762-B69F-3E74-1AE9-0AFF6AA2386E}
	EndGlobalSection
	GlobalSection(ExtensibilityGlobals) = postSolution
		SolutionGuid = {112FFC3E-652B-4A06-9BDB-49B12F42F3A3}
	EndGlobalSection
EndGlobal
